// !$*UTF8*$!
{
	archiveVersion = 1;
	classes = {
	};
	objectVersion = 46;
	objects = {

/* Begin PBXBuildFile section */
		6238ABDE1AEF2EF1009F72D7 /* TweetViewController.swift in Sources */ = {isa = PBXBuildFile; fileRef = 6238ABDD1AEF2EF1009F72D7 /* TweetViewController.swift */; };
		627830EA1AEAE5960009DBD9 /* AppDelegate.swift in Sources */ = {isa = PBXBuildFile; fileRef = 627830E91AEAE5960009DBD9 /* AppDelegate.swift */; };
		627830EC1AEAE5960009DBD9 /* ViewController.swift in Sources */ = {isa = PBXBuildFile; fileRef = 627830EB1AEAE5960009DBD9 /* ViewController.swift */; };
		627830EF1AEAE5960009DBD9 /* Main.storyboard in Resources */ = {isa = PBXBuildFile; fileRef = 627830ED1AEAE5960009DBD9 /* Main.storyboard */; };
		627830F11AEAE5960009DBD9 /* Images.xcassets in Resources */ = {isa = PBXBuildFile; fileRef = 627830F01AEAE5960009DBD9 /* Images.xcassets */; };
		627830F41AEAE5960009DBD9 /* LaunchScreen.xib in Resources */ = {isa = PBXBuildFile; fileRef = 627830F21AEAE5960009DBD9 /* LaunchScreen.xib */; };
		627831001AEAE5960009DBD9 /* TwitterTests.swift in Sources */ = {isa = PBXBuildFile; fileRef = 627830FF1AEAE5960009DBD9 /* TwitterTests.swift */; };
		6278310E1AEAEB730009DBD9 /* TwitterClient.swift in Sources */ = {isa = PBXBuildFile; fileRef = 6278310D1AEAEB730009DBD9 /* TwitterClient.swift */; };
		62A92C751AEB01C600C5C2B0 /* User.swift in Sources */ = {isa = PBXBuildFile; fileRef = 62A92C741AEB01C600C5C2B0 /* User.swift */; };
		62A92C771AEB01D900C5C2B0 /* Tweet.swift in Sources */ = {isa = PBXBuildFile; fileRef = 62A92C761AEB01D900C5C2B0 /* Tweet.swift */; };
		62C4389E1AECC71200A488CE /* TweetsViewController.swift in Sources */ = {isa = PBXBuildFile; fileRef = 62C4389D1AECC71200A488CE /* TweetsViewController.swift */; };
		62C438A31AED807800A488CE /* TweetCell.swift in Sources */ = {isa = PBXBuildFile; fileRef = 62C438A21AED807800A488CE /* TweetCell.swift */; };
		62C4AADC1AEF8B6C0023C797 /* ViewTweetController.swift in Sources */ = {isa = PBXBuildFile; fileRef = 62C4AADB1AEF8B6C0023C797 /* ViewTweetController.swift */; };
		816EC575C66CF276DC36E4A6 /* libPods.a in Frameworks */ = {isa = PBXBuildFile; fileRef = E38A96BDC78A5F7827C7F81F /* libPods.a */; };
/* End PBXBuildFile section */

/* Begin PBXContainerItemProxy section */
		627830FA1AEAE5960009DBD9 /* PBXContainerItemProxy */ = {
			isa = PBXContainerItemProxy;
			containerPortal = 627830DC1AEAE5960009DBD9 /* Project object */;
			proxyType = 1;
			remoteGlobalIDString = 627830E31AEAE5960009DBD9;
			remoteInfo = Twitter;
		};
/* End PBXContainerItemProxy section */

/* Begin PBXFileReference section */
		6238ABDD1AEF2EF1009F72D7 /* TweetViewController.swift */ = {isa = PBXFileReference; fileEncoding = 4; lastKnownFileType = sourcecode.swift; path = TweetViewController.swift; sourceTree = "<group>"; };
		627830E41AEAE5960009DBD9 /* Twitter.app */ = {isa = PBXFileReference; explicitFileType = wrapper.application; includeInIndex = 0; path = Twitter.app; sourceTree = BUILT_PRODUCTS_DIR; };
		627830E81AEAE5960009DBD9 /* Info.plist */ = {isa = PBXFileReference; lastKnownFileType = text.plist.xml; path = Info.plist; sourceTree = "<group>"; };
		627830E91AEAE5960009DBD9 /* AppDelegate.swift */ = {isa = PBXFileReference; lastKnownFileType = sourcecode.swift; path = AppDelegate.swift; sourceTree = "<group>"; };
		627830EB1AEAE5960009DBD9 /* ViewController.swift */ = {isa = PBXFileReference; lastKnownFileType = sourcecode.swift; path = ViewController.swift; sourceTree = "<group>"; };
		627830EE1AEAE5960009DBD9 /* Base */ = {isa = PBXFileReference; lastKnownFileType = file.storyboard; name = Base; path = Base.lproj/Main.storyboard; sourceTree = "<group>"; };
		627830F01AEAE5960009DBD9 /* Images.xcassets */ = {isa = PBXFileReference; lastKnownFileType = folder.assetcatalog; path = Images.xcassets; sourceTree = "<group>"; };
		627830F31AEAE5960009DBD9 /* Base */ = {isa = PBXFileReference; lastKnownFileType = file.xib; name = Base; path = Base.lproj/LaunchScreen.xib; sourceTree = "<group>"; };
		627830F91AEAE5960009DBD9 /* TwitterTests.xctest */ = {isa = PBXFileReference; explicitFileType = wrapper.cfbundle; includeInIndex = 0; path = TwitterTests.xctest; sourceTree = BUILT_PRODUCTS_DIR; };
		627830FE1AEAE5960009DBD9 /* Info.plist */ = {isa = PBXFileReference; lastKnownFileType = text.plist.xml; path = Info.plist; sourceTree = "<group>"; };
		627830FF1AEAE5960009DBD9 /* TwitterTests.swift */ = {isa = PBXFileReference; lastKnownFileType = sourcecode.swift; path = TwitterTests.swift; sourceTree = "<group>"; };
		627831091AEAEB1A0009DBD9 /* Twitter-Bridging-Header.h */ = {isa = PBXFileReference; lastKnownFileType = sourcecode.c.h; path = "Twitter-Bridging-Header.h"; sourceTree = "<group>"; };
		6278310D1AEAEB730009DBD9 /* TwitterClient.swift */ = {isa = PBXFileReference; fileEncoding = 4; lastKnownFileType = sourcecode.swift; path = TwitterClient.swift; sourceTree = "<group>"; };
		62A92C741AEB01C600C5C2B0 /* User.swift */ = {isa = PBXFileReference; fileEncoding = 4; lastKnownFileType = sourcecode.swift; path = User.swift; sourceTree = "<group>"; };
		62A92C761AEB01D900C5C2B0 /* Tweet.swift */ = {isa = PBXFileReference; fileEncoding = 4; lastKnownFileType = sourcecode.swift; path = Tweet.swift; sourceTree = "<group>"; };
		62C4389D1AECC71200A488CE /* TweetsViewController.swift */ = {isa = PBXFileReference; fileEncoding = 4; lastKnownFileType = sourcecode.swift; path = TweetsViewController.swift; sourceTree = "<group>"; };
		62C438A21AED807800A488CE /* TweetCell.swift */ = {isa = PBXFileReference; fileEncoding = 4; lastKnownFileType = sourcecode.swift; path = TweetCell.swift; sourceTree = "<group>"; };
		62C4AADB1AEF8B6C0023C797 /* ViewTweetController.swift */ = {isa = PBXFileReference; fileEncoding = 4; lastKnownFileType = sourcecode.swift; path = ViewTweetController.swift; sourceTree = "<group>"; };
		99DA9F044119A51AE42604DB /* Pods.debug.xcconfig */ = {isa = PBXFileReference; includeInIndex = 1; lastKnownFileType = text.xcconfig; name = Pods.debug.xcconfig; path = "Pods/Target Support Files/Pods/Pods.debug.xcconfig"; sourceTree = "<group>"; };
		9FBD76A5033F65845FA23AB1 /* Pods.release.xcconfig */ = {isa = PBXFileReference; includeInIndex = 1; lastKnownFileType = text.xcconfig; name = Pods.release.xcconfig; path = "Pods/Target Support Files/Pods/Pods.release.xcconfig"; sourceTree = "<group>"; };
		E38A96BDC78A5F7827C7F81F /* libPods.a */ = {isa = PBXFileReference; explicitFileType = archive.ar; includeInIndex = 0; path = libPods.a; sourceTree = BUILT_PRODUCTS_DIR; };
/* End PBXFileReference section */

/* Begin PBXFrameworksBuildPhase section */
		627830E11AEAE5960009DBD9 /* Frameworks */ = {
			isa = PBXFrameworksBuildPhase;
			buildActionMask = 2147483647;
			files = (
				816EC575C66CF276DC36E4A6 /* libPods.a in Frameworks */,
			);
			runOnlyForDeploymentPostprocessing = 0;
		};
		627830F61AEAE5960009DBD9 /* Frameworks */ = {
			isa = PBXFrameworksBuildPhase;
			buildActionMask = 2147483647;
			files = (
			);
			runOnlyForDeploymentPostprocessing = 0;
		};
/* End PBXFrameworksBuildPhase section */

/* Begin PBXGroup section */
		32C8581945D921BD334681E0 /* Pods */ = {
			isa = PBXGroup;
			children = (
				99DA9F044119A51AE42604DB /* Pods.debug.xcconfig */,
				9FBD76A5033F65845FA23AB1 /* Pods.release.xcconfig */,
			);
			name = Pods;
			sourceTree = "<group>";
		};
		4CB04AE34884543521781E03 /* Frameworks */ = {
			isa = PBXGroup;
			children = (
				E38A96BDC78A5F7827C7F81F /* libPods.a */,
			);
			name = Frameworks;
			sourceTree = "<group>";
		};
		627830DB1AEAE5960009DBD9 = {
			isa = PBXGroup;
			children = (
				627830E61AEAE5960009DBD9 /* Twitter */,
				627830FC1AEAE5960009DBD9 /* TwitterTests */,
				627830E51AEAE5960009DBD9 /* Products */,
				32C8581945D921BD334681E0 /* Pods */,
				4CB04AE34884543521781E03 /* Frameworks */,
			);
			sourceTree = "<group>";
		};
		627830E51AEAE5960009DBD9 /* Products */ = {
			isa = PBXGroup;
			children = (
				627830E41AEAE5960009DBD9 /* Twitter.app */,
				627830F91AEAE5960009DBD9 /* TwitterTests.xctest */,
			);
			name = Products;
			sourceTree = "<group>";
		};
		627830E61AEAE5960009DBD9 /* Twitter */ = {
			isa = PBXGroup;
			children = (
				627830E91AEAE5960009DBD9 /* AppDelegate.swift */,
				62C4389F1AED7AB100A488CE /* Controllers */,
				6278310C1AEAEB4A0009DBD9 /* API */,
				62A92C731AEB01A200C5C2B0 /* Models */,
				627830ED1AEAE5960009DBD9 /* Main.storyboard */,
				627830F01AEAE5960009DBD9 /* Images.xcassets */,
				627830F21AEAE5960009DBD9 /* LaunchScreen.xib */,
				627830E71AEAE5960009DBD9 /* Supporting Files */,
				627831091AEAEB1A0009DBD9 /* Twitter-Bridging-Header.h */,
			);
			path = Twitter;
			sourceTree = "<group>";
		};
		627830E71AEAE5960009DBD9 /* Supporting Files */ = {
			isa = PBXGroup;
			children = (
				627830E81AEAE5960009DBD9 /* Info.plist */,
			);
			name = "Supporting Files";
			sourceTree = "<group>";
		};
		627830FC1AEAE5960009DBD9 /* TwitterTests */ = {
			isa = PBXGroup;
			children = (
				627830FF1AEAE5960009DBD9 /* TwitterTests.swift */,
				627830FD1AEAE5960009DBD9 /* Supporting Files */,
			);
			path = TwitterTests;
			sourceTree = "<group>";
		};
		627830FD1AEAE5960009DBD9 /* Supporting Files */ = {
			isa = PBXGroup;
			children = (
				627830FE1AEAE5960009DBD9 /* Info.plist */,
			);
			name = "Supporting Files";
			sourceTree = "<group>";
		};
		6278310C1AEAEB4A0009DBD9 /* API */ = {
			isa = PBXGroup;
			children = (
				6278310D1AEAEB730009DBD9 /* TwitterClient.swift */,
			);
			name = API;
			sourceTree = "<group>";
		};
		62A92C731AEB01A200C5C2B0 /* Models */ = {
			isa = PBXGroup;
			children = (
				62A92C741AEB01C600C5C2B0 /* User.swift */,
				62A92C761AEB01D900C5C2B0 /* Tweet.swift */,
			);
			name = Models;
			sourceTree = "<group>";
		};
		62C4389F1AED7AB100A488CE /* Controllers */ = {
			isa = PBXGroup;
			children = (
				62C4389D1AECC71200A488CE /* TweetsViewController.swift */,
				62C4AADB1AEF8B6C0023C797 /* ViewTweetController.swift */,
				627830EB1AEAE5960009DBD9 /* ViewController.swift */,
				62C438A21AED807800A488CE /* TweetCell.swift */,
				6238ABDD1AEF2EF1009F72D7 /* TweetViewController.swift */,
			);
			name = Controllers;
			sourceTree = "<group>";
		};
/* End PBXGroup section */

/* Begin PBXNativeTarget section */
		627830E31AEAE5960009DBD9 /* Twitter */ = {
			isa = PBXNativeTarget;
			buildConfigurationList = 627831031AEAE5960009DBD9 /* Build configuration list for PBXNativeTarget "Twitter" */;
			buildPhases = (
				22202D4D5BD81755D6F10289 /* Check Pods Manifest.lock */,
				627830E01AEAE5960009DBD9 /* Sources */,
				627830E11AEAE5960009DBD9 /* Frameworks */,
				627830E21AEAE5960009DBD9 /* Resources */,
				6C4DEFDDF796F913DA70EE12 /* Copy Pods Resources */,
			);
			buildRules = (
			);
			dependencies = (
			);
			name = Twitter;
			productName = Twitter;
			productReference = 627830E41AEAE5960009DBD9 /* Twitter.app */;
			productType = "com.apple.product-type.application";
		};
		627830F81AEAE5960009DBD9 /* TwitterTests */ = {
			isa = PBXNativeTarget;
			buildConfigurationList = 627831061AEAE5960009DBD9 /* Build configuration list for PBXNativeTarget "TwitterTests" */;
			buildPhases = (
				627830F51AEAE5960009DBD9 /* Sources */,
				627830F61AEAE5960009DBD9 /* Frameworks */,
				627830F71AEAE5960009DBD9 /* Resources */,
			);
			buildRules = (
			);
			dependencies = (
				627830FB1AEAE5960009DBD9 /* PBXTargetDependency */,
			);
			name = TwitterTests;
			productName = TwitterTests;
			productReference = 627830F91AEAE5960009DBD9 /* TwitterTests.xctest */;
			productType = "com.apple.product-type.bundle.unit-test";
		};
/* End PBXNativeTarget section */

/* Begin PBXProject section */
		627830DC1AEAE5960009DBD9 /* Project object */ = {
			isa = PBXProject;
			attributes = {
				LastUpgradeCheck = 0630;
				ORGANIZATIONNAME = "Hassan Karaouni";
				TargetAttributes = {
					627830E31AEAE5960009DBD9 = {
						CreatedOnToolsVersion = 6.3.1;
					};
					627830F81AEAE5960009DBD9 = {
						CreatedOnToolsVersion = 6.3.1;
						TestTargetID = 627830E31AEAE5960009DBD9;
					};
				};
			};
			buildConfigurationList = 627830DF1AEAE5960009DBD9 /* Build configuration list for PBXProject "Twitter" */;
			compatibilityVersion = "Xcode 3.2";
			developmentRegion = English;
			hasScannedForEncodings = 0;
			knownRegions = (
				en,
				Base,
			);
			mainGroup = 627830DB1AEAE5960009DBD9;
			productRefGroup = 627830E51AEAE5960009DBD9 /* Products */;
			projectDirPath = "";
			projectRoot = "";
			targets = (
				627830E31AEAE5960009DBD9 /* Twitter */,
				627830F81AEAE5960009DBD9 /* TwitterTests */,
			);
		};
/* End PBXProject section */

/* Begin PBXResourcesBuildPhase section */
		627830E21AEAE5960009DBD9 /* Resources */ = {
			isa = PBXResourcesBuildPhase;
			buildActionMask = 2147483647;
			files = (
				627830EF1AEAE5960009DBD9 /* Main.storyboard in Resources */,
				627830F41AEAE5960009DBD9 /* LaunchScreen.xib in Resources */,
				627830F11AEAE5960009DBD9 /* Images.xcassets in Resources */,
			);
			runOnlyForDeploymentPostprocessing = 0;
		};
		627830F71AEAE5960009DBD9 /* Resources */ = {
			isa = PBXResourcesBuildPhase;
			buildActionMask = 2147483647;
			files = (
			);
			runOnlyForDeploymentPostprocessing = 0;
		};
/* End PBXResourcesBuildPhase section */

/* Begin PBXShellScriptBuildPhase section */
		22202D4D5BD81755D6F10289 /* Check Pods Manifest.lock */ = {
			isa = PBXShellScriptBuildPhase;
			buildActionMask = 2147483647;
			files = (
			);
			inputPaths = (
			);
			name = "Check Pods Manifest.lock";
			outputPaths = (
			);
			runOnlyForDeploymentPostprocessing = 0;
			shellPath = /bin/sh;
			shellScript = "diff \"${PODS_ROOT}/../Podfile.lock\" \"${PODS_ROOT}/Manifest.lock\" > /dev/null\nif [[ $? != 0 ]] ; then\n    cat << EOM\nerror: The sandbox is not in sync with the Podfile.lock. Run 'pod install' or update your CocoaPods installation.\nEOM\n    exit 1\nfi\n";
			showEnvVarsInLog = 0;
		};
		6C4DEFDDF796F913DA70EE12 /* Copy Pods Resources */ = {
			isa = PBXShellScriptBuildPhase;
			buildActionMask = 2147483647;
			files = (
			);
			inputPaths = (
			);
			name = "Copy Pods Resources";
			outputPaths = (
			);
			runOnlyForDeploymentPostprocessing = 0;
			shellPath = /bin/sh;
			shellScript = "\"${SRCROOT}/Pods/Target Support Files/Pods/Pods-resources.sh\"\n";
			showEnvVarsInLog = 0;
		};
/* End PBXShellScriptBuildPhase section */

/* Begin PBXSourcesBuildPhase section */
		627830E01AEAE5960009DBD9 /* Sources */ = {
			isa = PBXSourcesBuildPhase;
			buildActionMask = 2147483647;
			files = (
				62C438A31AED807800A488CE /* TweetCell.swift in Sources */,
				62A92C751AEB01C600C5C2B0 /* User.swift in Sources */,
				62C4AADC1AEF8B6C0023C797 /* ViewTweetController.swift in Sources */,
				62A92C771AEB01D900C5C2B0 /* Tweet.swift in Sources */,
				62C4389E1AECC71200A488CE /* TweetsViewController.swift in Sources */,
				6238ABDE1AEF2EF1009F72D7 /* TweetViewController.swift in Sources */,
				627830EC1AEAE5960009DBD9 /* ViewController.swift in Sources */,
				6278310E1AEAEB730009DBD9 /* TwitterClient.swift in Sources */,
				627830EA1AEAE5960009DBD9 /* AppDelegate.swift in Sources */,
			);
			runOnlyForDeploymentPostprocessing = 0;
		};
		627830F51AEAE5960009DBD9 /* Sources */ = {
			isa = PBXSourcesBuildPhase;
			buildActionMask = 2147483647;
			files = (
				627831001AEAE5960009DBD9 /* TwitterTests.swift in Sources */,
			);
			runOnlyForDeploymentPostprocessing = 0;
		};
/* End PBXSourcesBuildPhase section */

/* Begin PBXTargetDependency section */
		627830FB1AEAE5960009DBD9 /* PBXTargetDependency */ = {
			isa = PBXTargetDependency;
			target = 627830E31AEAE5960009DBD9 /* Twitter */;
			targetProxy = 627830FA1AEAE5960009DBD9 /* PBXContainerItemProxy */;
		};
/* End PBXTargetDependency section */

/* Begin PBXVariantGroup section */
		627830ED1AEAE5960009DBD9 /* Main.storyboard */ = {
			isa = PBXVariantGroup;
			children = (
				627830EE1AEAE5960009DBD9 /* Base */,
			);
			name = Main.storyboard;
			sourceTree = "<group>";
		};
		627830F21AEAE5960009DBD9 /* LaunchScreen.xib */ = {
			isa = PBXVariantGroup;
			children = (
				627830F31AEAE5960009DBD9 /* Base */,
			);
			name = LaunchScreen.xib;
			sourceTree = "<group>";
		};
/* End PBXVariantGroup section */

/* Begin XCBuildConfiguration section */
		627831011AEAE5960009DBD9 /* Debug */ = {
			isa = XCBuildConfiguration;
			buildSettings = {
				ALWAYS_SEARCH_USER_PATHS = NO;
				CLANG_CXX_LANGUAGE_STANDARD = "gnu++0x";
				CLANG_CXX_LIBRARY = "libc++";
				CLANG_ENABLE_MODULES = YES;
				CLANG_ENABLE_OBJC_ARC = YES;
				CLANG_WARN_BOOL_CONVERSION = YES;
				CLANG_WARN_CONSTANT_CONVERSION = YES;
				CLANG_WARN_DIRECT_OBJC_ISA_USAGE = YES_ERROR;
				CLANG_WARN_EMPTY_BODY = YES;
				CLANG_WARN_ENUM_CONVERSION = YES;
				CLANG_WARN_INT_CONVERSION = YES;
				CLANG_WARN_OBJC_ROOT_CLASS = YES_ERROR;
				CLANG_WARN_UNREACHABLE_CODE = YES;
				CLANG_WARN__DUPLICATE_METHOD_MATCH = YES;
				"CODE_SIGN_IDENTITY[sdk=iphoneos*]" = "iPhone Developer";
				COPY_PHASE_STRIP = NO;
				DEBUG_INFORMATION_FORMAT = "dwarf-with-dsym";
				ENABLE_STRICT_OBJC_MSGSEND = YES;
				GCC_C_LANGUAGE_STANDARD = gnu99;
				GCC_DYNAMIC_NO_PIC = NO;
				GCC_NO_COMMON_BLOCKS = YES;
				GCC_OPTIMIZATION_LEVEL = 0;
				GCC_PREPROCESSOR_DEFINITIONS = (
					"DEBUG=1",
					"$(inherited)",
				);
				GCC_SYMBOLS_PRIVATE_EXTERN = NO;
				GCC_WARN_64_TO_32_BIT_CONVERSION = YES;
				GCC_WARN_ABOUT_RETURN_TYPE = YES_ERROR;
				GCC_WARN_UNDECLARED_SELECTOR = YES;
				GCC_WARN_UNINITIALIZED_AUTOS = YES_AGGRESSIVE;
				GCC_WARN_UNUSED_FUNCTION = YES;
				GCC_WARN_UNUSED_VARIABLE = YES;
				IPHONEOS_DEPLOYMENT_TARGET = 8.3;
				MTL_ENABLE_DEBUG_INFO = YES;
				ONLY_ACTIVE_ARCH = YES;
				SDKROOT = iphoneos;
				SWIFT_OPTIMIZATION_LEVEL = "-Onone";
				TARGETED_DEVICE_FAMILY = "1,2";
			};
			name = Debug;
		};
		627831021AEAE5960009DBD9 /* Release */ = {
			isa = XCBuildConfiguration;
			buildSettings = {
				ALWAYS_SEARCH_USER_PATHS = NO;
				CLANG_CXX_LANGUAGE_STANDARD = "gnu++0x";
				CLANG_CXX_LIBRARY = "libc++";
				CLANG_ENABLE_MODULES = YES;
				CLANG_ENABLE_OBJC_ARC = YES;
				CLANG_WARN_BOOL_CONVERSION = YES;
				CLANG_WARN_CONSTANT_CONVERSION = YES;
				CLANG_WARN_DIRECT_OBJC_ISA_USAGE = YES_ERROR;
				CLANG_WARN_EMPTY_BODY = YES;
				CLANG_WARN_ENUM_CONVERSION = YES;
				CLANG_WARN_INT_CONVERSION = YES;
				CLANG_WARN_OBJC_ROOT_CLASS = YES_ERROR;
				CLANG_WARN_UNREACHABLE_CODE = YES;
				CLANG_WARN__DUPLICATE_METHOD_MATCH = YES;
				"CODE_SIGN_IDENTITY[sdk=iphoneos*]" = "iPhone Developer";
				COPY_PHASE_STRIP = NO;
				DEBUG_INFORMATION_FORMAT = "dwarf-with-dsym";
				ENABLE_NS_ASSERTIONS = NO;
				ENABLE_STRICT_OBJC_MSGSEND = YES;
				GCC_C_LANGUAGE_STANDARD = gnu99;
				GCC_NO_COMMON_BLOCKS = YES;
				GCC_WARN_64_TO_32_BIT_CONVERSION = YES;
				GCC_WARN_ABOUT_RETURN_TYPE = YES_ERROR;
				GCC_WARN_UNDECLARED_SELECTOR = YES;
				GCC_WARN_UNINITIALIZED_AUTOS = YES_AGGRESSIVE;
				GCC_WARN_UNUSED_FUNCTION = YES;
				GCC_WARN_UNUSED_VARIABLE = YES;
				IPHONEOS_DEPLOYMENT_TARGET = 8.3;
				MTL_ENABLE_DEBUG_INFO = NO;
				SDKROOT = iphoneos;
				TARGETED_DEVICE_FAMILY = "1,2";
				VALIDATE_PRODUCT = YES;
			};
			name = Release;
		};
		627831041AEAE5960009DBD9 /* Debug */ = {
			isa = XCBuildConfiguration;
			baseConfigurationReference = 99DA9F044119A51AE42604DB /* Pods.debug.xcconfig */;
			buildSettings = {
				ASSETCATALOG_COMPILER_APPICON_NAME = AppIcon;
				CLANG_ENABLE_MODULES = YES;
				INFOPLIST_FILE = Twitter/Info.plist;
				LD_RUNPATH_SEARCH_PATHS = "$(inherited) @executable_path/Frameworks";
				PRODUCT_NAME = "$(TARGET_NAME)";
				SWIFT_OBJC_BRIDGING_HEADER = "Twitter/Twitter-Bridging-Header.h";
				SWIFT_OPTIMIZATION_LEVEL = "-Onone";
			};
			name = Debug;
		};
		627831051AEAE5960009DBD9 /* Release */ = {
			isa = XCBuildConfiguration;
			baseConfigurationReference = 9FBD76A5033F65845FA23AB1 /* Pods.release.xcconfig */;
			buildSettings = {
				ASSETCATALOG_COMPILER_APPICON_NAME = AppIcon;
				CLANG_ENABLE_MODULES = YES;
				INFOPLIST_FILE = Twitter/Info.plist;
				LD_RUNPATH_SEARCH_PATHS = "$(inherited) @executable_path/Frameworks";
				PRODUCT_NAME = "$(TARGET_NAME)";
				SWIFT_OBJC_BRIDGING_HEADER = "Twitter/Twitter-Bridging-Header.h";
			};
			name = Release;
		};
		627831071AEAE5960009DBD9 /* Debug */ = {
			isa = XCBuildConfiguration;
			buildSettings = {
				BUNDLE_LOADER = "$(TEST_HOST)";
				FRAMEWORK_SEARCH_PATHS = (
					"$(SDKROOT)/Developer/Library/Frameworks",
					"$(inherited)",
				);
				GCC_PREPROCESSOR_DEFINITIONS = (
					"DEBUG=1",
					"$(inherited)",
				);
				INFOPLIST_FILE = TwitterTests/Info.plist;
				LD_RUNPATH_SEARCH_PATHS = "$(inherited) @executable_path/Frameworks @loader_path/Frameworks";
				PRODUCT_NAME = "$(TARGET_NAME)";
				TEST_HOST = "$(BUILT_PRODUCTS_DIR)/Twitter.app/Twitter";
			};
			name = Debug;
		};
		627831081AEAE5960009DBD9 /* Release */ = {
			isa = XCBuildConfiguration;
			buildSettings = {
				BUNDLE_LOADER = "$(TEST_HOST)";
				FRAMEWORK_SEARCH_PATHS = (
					"$(SDKROOT)/Developer/Library/Frameworks",
					"$(inherited)",
				);
				INFOPLIST_FILE = TwitterTests/Info.plist;
				LD_RUNPATH_SEARCH_PATHS = "$(inherited) @executable_path/Frameworks @loader_path/Frameworks";
				PRODUCT_NAME = "$(TARGET_NAME)";
				TEST_HOST = "$(BUILT_PRODUCTS_DIR)/Twitter.app/Twitter";
			};
			name = Release;
		};
/* End XCBuildConfiguration section */

/* Begin XCConfigurationList section */
		627830DF1AEAE5960009DBD9 /* Build configuration list for PBXProject "Twitter" */ = {
			isa = XCConfigurationList;
			buildConfigurations = (
				627831011AEAE5960009DBD9 /* Debug */,
				627831021AEAE5960009DBD9 /* Release */,
			);
			defaultConfigurationIsVisible = 0;
			defaultConfigurationName = Release;
		};
		627831031AEAE5960009DBD9 /* Build configuration list for PBXNativeTarget "Twitter" */ = {
			isa = XCConfigurationList;
			buildConfigurations = (
				627831041AEAE5960009DBD9 /* Debug */,
				627831051AEAE5960009DBD9 /* Release */,
			);
			defaultConfigurationIsVisible = 0;
			defaultConfigurationName = Release;
		};
		627831061AEAE5960009DBD9 /* Build configuration list for PBXNativeTarget "TwitterTests" */ = {
			isa = XCConfigurationList;
			buildConfigurations = (
				627831071AEAE5960009DBD9 /* Debug */,
				627831081AEAE5960009DBD9 /* Release */,
			);
			defaultConfigurationIsVisible = 0;
			defaultConfigurationName = Release;
		};
/* End XCConfigurationList section */
	};
	rootObject = 627830DC1AEAE5960009DBD9 /* Project object */;
}
